
Microsoft Visual Studio Solution File, Format Version 12.00
# Visual Studio Version 17
VisualStudioVersion = 17.8.34601.278
MinimumVisualStudioVersion = 10.0.40219.1
Project("{2150E333-8FDC-42A3-9474-1A3956D46DE8}") = "source", "source", "{CBDC3D05-8A1E-4FDD-A052-107DAF52802B}"
EndProject
Project("{2150E333-8FDC-42A3-9474-1A3956D46DE8}") = "Core", "Core", "{298F96D6-A388-4B9F-8E0D-527FD36C8A60}"
EndProject
Project("{2150E333-8FDC-42A3-9474-1A3956D46DE8}") = "Domain", "Domain", "{234DC1B6-E434-488E-A706-7EDF290A98B7}"
EndProject
Project("{2150E333-8FDC-42A3-9474-1A3956D46DE8}") = "Application", "Application", "{410A69B0-CED1-4985-AFED-A7DAD78AEE1F}"
EndProject
Project("{2150E333-8FDC-42A3-9474-1A3956D46DE8}") = "Presentation", "Presentation", "{306598B4-E6CD-4D1F-AA8B-1DCCD0D37666}"
EndProject
Project("{2150E333-8FDC-42A3-9474-1A3956D46DE8}") = "Infrastructure", "Infrastructure", "{F8D7CB06-B694-44FA-9FAF-C76BD7B1F793}"
EndProject
Project("{9A19103F-16F7-4668-BE54-9A1E7A4F7556}") = "Domex.Infrastructure.Identity", "Domex.Infrastructure.Identity\Domex.Infrastructure.Identity.csproj", "{32B3C3C8-2AD3-406C-BDFE-7CB0944C38A7}"
EndProject
Project("{9A19103F-16F7-4668-BE54-9A1E7A4F7556}") = "Domex.Core.Domain", "Domex.Core.Domain\Domex.Core.Domain.csproj", "{86709901-2167-444C-A2F5-B1D50DE4D196}"
EndProject
Project("{9A19103F-16F7-4668-BE54-9A1E7A4F7556}") = "Domex.Core.Application", "Domex.Core.Application\Domex.Core.Application.csproj", "{240CB042-F674-453C-BEF1-E2D8553F17B2}"
EndProject
Project("{9A19103F-16F7-4668-BE54-9A1E7A4F7556}") = "Domex.Presentation.Api", "Domex.Presentation.Api\Domex.Presentation.Api.csproj", "{B2F126A5-6E05-40D9-9003-8C69ABAA17A8}"
EndProject
Project("{FAE04EC0-301F-11D3-BF4B-00C04F79EFBC}") = "Domex.UnitTest.Api", "Domex.UnitTest.Api\Domex.UnitTest.Api.csproj", "{6A088CF6-6D6F-4CAF-80F8-CBF42F680D49}"
EndProject
Project("{2150E333-8FDC-42A3-9474-1A3956D46DE8}") = "UnitTest", "UnitTest", "{95EB9344-7C62-4E0C-A9FE-C966E66F475B}"
EndProject
Global
	GlobalSection(SolutionConfigurationPlatforms) = preSolution
		Debug|Any CPU = Debug|Any CPU
		Release|Any CPU = Release|Any CPU
	EndGlobalSection
	GlobalSection(ProjectConfigurationPlatforms) = postSolution
		{32B3C3C8-2AD3-406C-BDFE-7CB0944C38A7}.Debug|Any CPU.ActiveCfg = Debug|Any CPU
		{32B3C3C8-2AD3-406C-BDFE-7CB0944C38A7}.Debug|Any CPU.Build.0 = Debug|Any CPU
		{32B3C3C8-2AD3-406C-BDFE-7CB0944C38A7}.Release|Any CPU.ActiveCfg = Release|Any CPU
		{32B3C3C8-2AD3-406C-BDFE-7CB0944C38A7}.Release|Any CPU.Build.0 = Release|Any CPU
		{86709901-2167-444C-A2F5-B1D50DE4D196}.Debug|Any CPU.ActiveCfg = Debug|Any CPU
		{86709901-2167-444C-A2F5-B1D50DE4D196}.Debug|Any CPU.Build.0 = Debug|Any CPU
		{86709901-2167-444C-A2F5-B1D50DE4D196}.Release|Any CPU.ActiveCfg = Release|Any CPU
		{86709901-2167-444C-A2F5-B1D50DE4D196}.Release|Any CPU.Build.0 = Release|Any CPU
		{240CB042-F674-453C-BEF1-E2D8553F17B2}.Debug|Any CPU.ActiveCfg = Debug|Any CPU
		{240CB042-F674-453C-BEF1-E2D8553F17B2}.Debug|Any CPU.Build.0 = Debug|Any CPU
		{240CB042-F674-453C-BEF1-E2D8553F17B2}.Release|Any CPU.ActiveCfg = Release|Any CPU
		{240CB042-F674-453C-BEF1-E2D8553F17B2}.Release|Any CPU.Build.0 = Release|Any CPU
		{B2F126A5-6E05-40D9-9003-8C69ABAA17A8}.Debug|Any CPU.ActiveCfg = Debug|Any CPU
		{B2F126A5-6E05-40D9-9003-8C69ABAA17A8}.Debug|Any CPU.Build.0 = Debug|Any CPU
		{B2F126A5-6E05-40D9-9003-8C69ABAA17A8}.Release|Any CPU.ActiveCfg = Release|Any CPU
		{B2F126A5-6E05-40D9-9003-8C69ABAA17A8}.Release|Any CPU.Build.0 = Release|Any CPU
		{6A088CF6-6D6F-4CAF-80F8-CBF42F680D49}.Debug|Any CPU.ActiveCfg = Debug|Any CPU
		{6A088CF6-6D6F-4CAF-80F8-CBF42F680D49}.Debug|Any CPU.Build.0 = Debug|Any CPU
		{6A088CF6-6D6F-4CAF-80F8-CBF42F680D49}.Release|Any CPU.ActiveCfg = Release|Any CPU
		{6A088CF6-6D6F-4CAF-80F8-CBF42F680D49}.Release|Any CPU.Build.0 = Release|Any CPU
	EndGlobalSection
	GlobalSection(SolutionProperties) = preSolution
		HideSolutionNode = FALSE
	EndGlobalSection
	GlobalSection(NestedProjects) = preSolution
		{298F96D6-A388-4B9F-8E0D-527FD36C8A60} = {CBDC3D05-8A1E-4FDD-A052-107DAF52802B}
		{234DC1B6-E434-488E-A706-7EDF290A98B7} = {298F96D6-A388-4B9F-8E0D-527FD36C8A60}
		{410A69B0-CED1-4985-AFED-A7DAD78AEE1F} = {298F96D6-A388-4B9F-8E0D-527FD36C8A60}
		{306598B4-E6CD-4D1F-AA8B-1DCCD0D37666} = {CBDC3D05-8A1E-4FDD-A052-107DAF52802B}
		{F8D7CB06-B694-44FA-9FAF-C76BD7B1F793} = {CBDC3D05-8A1E-4FDD-A052-107DAF52802B}
		{32B3C3C8-2AD3-406C-BDFE-7CB0944C38A7} = {F8D7CB06-B694-44FA-9FAF-C76BD7B1F793}
		{86709901-2167-444C-A2F5-B1D50DE4D196} = {234DC1B6-E434-488E-A706-7EDF290A98B7}
		{240CB042-F674-453C-BEF1-E2D8553F17B2} = {410A69B0-CED1-4985-AFED-A7DAD78AEE1F}
		{B2F126A5-6E05-40D9-9003-8C69ABAA17A8} = {306598B4-E6CD-4D1F-AA8B-1DCCD0D37666}
		{6A088CF6-6D6F-4CAF-80F8-CBF42F680D49} = {95EB9344-7C62-4E0C-A9FE-C966E66F475B}
		{95EB9344-7C62-4E0C-A9FE-C966E66F475B} = {CBDC3D05-8A1E-4FDD-A052-107DAF52802B}
	EndGlobalSection
	GlobalSection(ExtensibilityGlobals) = postSolution
		SolutionGuid = {A122D436-1E2C-4190-929E-7AE776F34ECC}
	EndGlobalSection
EndGlobal
